{
    "_meta": {
        "hash": {
            "sha256": "7ae8accb0107267c4b37145508904c657be347b997b0e31d76f8f045dbd33a94"
        },
        "pipfile-spec": 6,
        "requires": {
            "python_full_version": "3.13.3",
            "python_version": "3.13"
        },
        "sources": [
            {
                "name": "pypi",
                "url": "https://pypi.org/simple",
                "verify_ssl": true
            }
        ]
    },
    "default": {
        "cel-python": {
            "hashes": [
                "sha256:0fb25e0bdf68e738621f1438ecb53f2d2f4e06a48591d6844febe7a1a86e4bfe",
                "sha256:7db7460f1deed505146f87b94253af80422090ae2a18ea74abca41ff09a9edae"
            ],
            "index": "pypi",
            "markers": "python_version >= '3.9' and python_version < '4.0'",
            "version": "==0.3.0"
        },
        "lark": {
            "hashes": [
                "sha256:7da76fcfddadabbbbfd949bbae221efd33938451d90b1fefbbc423c3cccf48ef",
                "sha256:ed1d891cbcf5151ead1c1d14663bf542443e579e63a76ae175b01b899bd854ca"
            ],
            "version": "==0.12.0"
        },
        "pendulum": {
            "hashes": [
                "sha256:006758e2125da2e624493324dfd5d7d1b02b0c44bc39358e18bf0f66d0767f5f",
                "sha256:0803639fc98e03f74d0b83955a2800bcee1c99b0700638aae9ab7ceb1a7dcca3",
                "sha256:1ce26a608e1f7387cd393fba2a129507c4900958d4f47b90757ec17656856571",
                "sha256:20f74aa8029a42e327bfc150472e0e4d2358fa5d795f70460160ba81b94b6945",
                "sha256:2404a6a54c80252ea393291f0b7f35525a61abae3d795407f34e118a8f133a18",
                "sha256:24a53b523819bda4c70245687a589b5ea88711f7caac4be5f276d843fe63076b",
                "sha256:2504df1a7ff8e0827781a601ff399bfcad23e7b7943f87ef33db02c11131f5e8",
                "sha256:28658b0baf4b30eb31d096a375983cfed033e60c0a7bbe94fa23f06cd779b50b",
                "sha256:299df2da6c490ede86bb8d58c65e33d7a2a42479d21475a54b467b03ccb88531",
                "sha256:2d6e1eff4a15fdb8fb3867c5469e691c2465eef002a6a541c47b48a390ff4cf4",
                "sha256:300a237fb81028edb9604d4d1bb205b80515fd22ab9c1a4c55014d07869122f8",
                "sha256:3363a470b5d67dbf8d9fd1bf77dcdbf720788bc3be4a10bdcd28ae5d7dbd26c4",
                "sha256:350cabb23bf1aec7c7694b915d3030bff53a2ad4aeabc8c8c0d807c8194113d6",
                "sha256:4041a7156695499b6676ed092f27e17760db2341bf350f6c5ea9137dd2cfd3f6",
                "sha256:42959341e843077c41d47420f28c3631de054abd64da83f9b956519b5c7a06a7",
                "sha256:43288773a86d9c5c0ddb645f88f615ff6bd12fd1410b34323662beccb18f3b49",
                "sha256:48962903e6c1afe1f13548cb6252666056086c107d59e3d64795c58c9298bc2e",
                "sha256:4cceff50503ef9cb021e53a238f867c9843b4dd55859582d682f3c9e52460699",
                "sha256:4dfd53e7583ccae138be86d6c0a0b324c7547df2afcec1876943c4d481cf9608",
                "sha256:5553ac27be05e997ec26d7f004cf72788f4ce11fe60bb80dda604a64055b29d0",
                "sha256:569ea5072ae0f11d625e03b36d865f8037b76e838a3b621f6967314193896a11",
                "sha256:5b77a3dc010eea1a4916ef3771163d808bfc3e02b894c37df311287f18e5b764",
                "sha256:61a03d14f8c64d13b2f7d5859e4b4053c4a7d3b02339f6c71f3e4606bfd67423",
                "sha256:656b8b0ce070f0f2e5e2668247d3c783c55336534aa1f13bd0969535878955e1",
                "sha256:66f96303560f41d097bee7d2dc98ffca716fbb3a832c4b3062034c2d45865015",
                "sha256:6a6e06a28f3a7d696546347805536f6f38be458cb79de4f80754430696bea9e6",
                "sha256:6a7d0bca8cca92d60734b64fa4fa58b17b8ec1f55112bf77d00ee65248d19177",
                "sha256:7378084fe54faab4ee481897a00b710876f2e901ded6221671e827a253e643f2",
                "sha256:73de43ec85b46ac75db848c8e2f3f5d086e90b11cd9c7f029e14c8d748d920e2",
                "sha256:784cf82b676118816fb81ea6bcbdf8f3b0c49aa74fcb895647ef7f8046093471",
                "sha256:7c75377eb16e58bbe7e03ea89eeea49be6fc5de0934a4aef0e263f8b4fa71bc2",
                "sha256:7e68d6a51880708084afd8958af42dc8c5e819a70a6c6ae903b1c4bfc61e0f25",
                "sha256:8244958c5bc4ed1c47ee84b098ddd95287a3fc59e569ca6e2b664c6396138ec4",
                "sha256:8539db7ae2c8da430ac2515079e288948c8ebf7eb1edd3e8281b5cdf433040d6",
                "sha256:87b277e9177651d6af8500b95f0af1e3c1769064f2353c06f638d3c1e065063e",
                "sha256:94751c52f6b7c306734d1044c2c6067a474237e1e5afa2f665d1fbcbbbcf24b3",
                "sha256:9e3f1e5da39a7ea7119efda1dd96b529748c1566f8a983412d0908455d606942",
                "sha256:9e44277a391fa5ad2e9ce02b1b24fd9489cb2a371ae2459eddb238301d31204d",
                "sha256:a3be19b73a9c6a866724419295482f817727e635ccc82f07ae6f818943a1ee96",
                "sha256:a9e9b28a35cec9fcd90f224b4878456129a057dbd694fc8266a9393834804995",
                "sha256:aa545a59e6517cf43597455a6fb44daa4a6e08473d67a7ad34e4fa951efb9620",
                "sha256:b114dcb99ce511cb8f5495c7b6f0056b2c3dba444ef1ea6e48030d7371bd531a",
                "sha256:bd701789414fbd0be3c75f46803f31e91140c23821e4bcb0fa2bddcdd051c425",
                "sha256:bfac5e02faee02c180444e722c298690688ec1c3dfa1aab65fb4e0e3825d84ed",
                "sha256:c1354be2df38f031ac6a985949b6541be7d39dd7e44c8804f4bc9a39dea9f3bb",
                "sha256:c2cf8adcf3030eef78c3cd82afd9948cd1a4ae1a9450e9ac128b9e744c42825f",
                "sha256:c3907ab3744c32e339c358d88ec80cd35fa2d4b25c77a3c67e6b39e99b7090c5",
                "sha256:ca5722b3993b85ff7dfced48d86b318f863c359877b6badf1a3601e35199ef8f",
                "sha256:cf6229e5ee70c2660148523f46c472e677654d0097bec010d6730f08312a4931",
                "sha256:d06999790d9ee9962a1627e469f98568bf7ad1085553fa3c30ed08b3944a14d7",
                "sha256:d2cac744940299d8da41a3ed941aa1e02b5abbc9ae2c525f3aa2ae30c28a86b5",
                "sha256:d364ec3f8e65010fefd4b0aaf7be5eb97e5df761b107a06f5e743b7c3f52c311",
                "sha256:d439fccaa35c91f686bd59d30604dab01e8b5c1d0dd66e81648c432fd3f8a539",
                "sha256:dbaa66e3ab179a2746eec67462f852a5d555bd709c25030aef38477468dd008e",
                "sha256:dd52caffc2afb86612ec43bbeb226f204ea12ebff9f3d12f900a7d3097210fcc",
                "sha256:e0da70941b062220e734c2c510ad30daa60aca1a37e893f1baa0da065ffa4c72",
                "sha256:e4cbd933a40c915ed5c41b083115cca15c7afa8179363b2a61db167c64fa0670",
                "sha256:e5bce0f71c10e983e1c39e1eb37b9a5f5c2aa0c15a36edaaa0a844fb1fbc7bbb",
                "sha256:e674ed2d158afa5c361e60f1f67872dc55b492a10cacdaa7fcd7b7da5f158f24",
                "sha256:e9af1e5eeddb4ebbe1b1c9afb9fd8077d73416ade42dd61264b3f3b87742e0bb",
                "sha256:ebe18b1c2eb364064cc4a68a65900f1465cac47d0891dab82341766bcc05b40c",
                "sha256:f8dee234ca6142bf0514368d01a72945a44685aaa2fc4c14c98d09da9437b620",
                "sha256:f9178c2a8e291758ade1e8dd6371b1d26d08371b4c7730a6e9a3ef8b16ebae0f",
                "sha256:ffb39c3f3906a9c9a108fa98e5556f18b52d2c6451984bbfe2f14436ec4fc9d4"
            ],
            "markers": "python_version >= '3.9'",
            "version": "==3.1.0"
        },
        "protobuf": {
            "hashes": [
                "sha256:0eb523c550a66a09a0c20f86dd554afbf4d32b02af34ae53d93268c1f73bc65b",
                "sha256:35c859ae076d8c56054c25b59e5e59638d86545ed6e2b6efac6be0b6ea3ba048",
                "sha256:4f6c687ae8efae6cf6093389a596548214467778146b7245e886f35e1485315d",
                "sha256:50f32cc9fd9cb09c783ebc275611b4f19dfdfb68d1ee55d2f0c7fa040df96815",
                "sha256:524afedc03b31b15586ca7f64d877a98b184f007180ce25183d1a5cb230ee72b",
                "sha256:7653c99774f73fe6b9301b87da52af0e69783a2e371e8b599b3e9cb4da4b12b9",
                "sha256:acec579c39c88bd8fbbacab1b8052c793efe83a0a5bd99db4a31423a25c0a0e2",
                "sha256:ae86b030e69a98e08c77beab574cbcb9fff6d031d57209f574a5aea1445f4b51",
                "sha256:b12ef7df7b9329886e66404bef5e9ce6a26b54069d7f7436a0853ccdeb91c103"
            ],
            "index": "pypi",
            "markers": "python_version >= '3.9'",
            "version": "==6.30.2"
        },
        "python-dateutil": {
            "hashes": [
                "sha256:37dd54208da7e1cd875388217d5e00ebd4179249f90fb72437e91a35459a0ad3",
                "sha256:a8b2bc7bffae282281c8140a97d3aa9c14da0b136dfe83f850eea9a5f7470427"
            ],
            "markers": "python_version >= '2.7' and python_version not in '3.0, 3.1, 3.2'",
            "version": "==2.9.0.post0"
        },
        "pyyaml": {
            "hashes": [
                "sha256:01179a4a8559ab5de078078f37e5c1a30d76bb88519906844fd7bdea1b7729ff",
                "sha256:0833f8694549e586547b576dcfaba4a6b55b9e96098b36cdc7ebefe667dfed48",
                "sha256:0a9a2848a5b7feac301353437eb7d5957887edbf81d56e903999a75a3d743086",
                "sha256:0b69e4ce7a131fe56b7e4d770c67429700908fc0752af059838b1cfb41960e4e",
                "sha256:0ffe8360bab4910ef1b9e87fb812d8bc0a308b0d0eef8c8f44e0254ab3b07133",
                "sha256:11d8f3dd2b9c1207dcaf2ee0bbbfd5991f571186ec9cc78427ba5bd32afae4b5",
                "sha256:17e311b6c678207928d649faa7cb0d7b4c26a0ba73d41e99c4fff6b6c3276484",
                "sha256:1e2120ef853f59c7419231f3bf4e7021f1b936f6ebd222406c3b60212205d2ee",
                "sha256:1f71ea527786de97d1a0cc0eacd1defc0985dcf6b3f17bb77dcfc8c34bec4dc5",
                "sha256:23502f431948090f597378482b4812b0caae32c22213aecf3b55325e049a6c68",
                "sha256:24471b829b3bf607e04e88d79542a9d48bb037c2267d7927a874e6c205ca7e9a",
                "sha256:29717114e51c84ddfba879543fb232a6ed60086602313ca38cce623c1d62cfbf",
                "sha256:2e99c6826ffa974fe6e27cdb5ed0021786b03fc98e5ee3c5bfe1fd5015f42b99",
                "sha256:39693e1f8320ae4f43943590b49779ffb98acb81f788220ea932a6b6c51004d8",
                "sha256:3ad2a3decf9aaba3d29c8f537ac4b243e36bef957511b4766cb0057d32b0be85",
                "sha256:3b1fdb9dc17f5a7677423d508ab4f243a726dea51fa5e70992e59a7411c89d19",
                "sha256:41e4e3953a79407c794916fa277a82531dd93aad34e29c2a514c2c0c5fe971cc",
                "sha256:43fa96a3ca0d6b1812e01ced1044a003533c47f6ee8aca31724f78e93ccc089a",
                "sha256:50187695423ffe49e2deacb8cd10510bc361faac997de9efef88badc3bb9e2d1",
                "sha256:5ac9328ec4831237bec75defaf839f7d4564be1e6b25ac710bd1a96321cc8317",
                "sha256:5d225db5a45f21e78dd9358e58a98702a0302f2659a3c6cd320564b75b86f47c",
                "sha256:6395c297d42274772abc367baaa79683958044e5d3835486c16da75d2a694631",
                "sha256:688ba32a1cffef67fd2e9398a2efebaea461578b0923624778664cc1c914db5d",
                "sha256:68ccc6023a3400877818152ad9a1033e3db8625d899c72eacb5a668902e4d652",
                "sha256:70b189594dbe54f75ab3a1acec5f1e3faa7e8cf2f1e08d9b561cb41b845f69d5",
                "sha256:797b4f722ffa07cc8d62053e4cff1486fa6dc094105d13fea7b1de7d8bf71c9e",
                "sha256:7c36280e6fb8385e520936c3cb3b8042851904eba0e58d277dca80a5cfed590b",
                "sha256:7e7401d0de89a9a855c839bc697c079a4af81cf878373abd7dc625847d25cbd8",
                "sha256:80bab7bfc629882493af4aa31a4cfa43a4c57c83813253626916b8c7ada83476",
                "sha256:82d09873e40955485746739bcb8b4586983670466c23382c19cffecbf1fd8706",
                "sha256:8388ee1976c416731879ac16da0aff3f63b286ffdd57cdeb95f3f2e085687563",
                "sha256:8824b5a04a04a047e72eea5cec3bc266db09e35de6bdfe34c9436ac5ee27d237",
                "sha256:8b9c7197f7cb2738065c481a0461e50ad02f18c78cd75775628afb4d7137fb3b",
                "sha256:9056c1ecd25795207ad294bcf39f2db3d845767be0ea6e6a34d856f006006083",
                "sha256:936d68689298c36b53b29f23c6dbb74de12b4ac12ca6cfe0e047bedceea56180",
                "sha256:9b22676e8097e9e22e36d6b7bda33190d0d400f345f23d4065d48f4ca7ae0425",
                "sha256:a4d3091415f010369ae4ed1fc6b79def9416358877534caf6a0fdd2146c87a3e",
                "sha256:a8786accb172bd8afb8be14490a16625cbc387036876ab6ba70912730faf8e1f",
                "sha256:a9f8c2e67970f13b16084e04f134610fd1d374bf477b17ec1599185cf611d725",
                "sha256:bc2fa7c6b47d6bc618dd7fb02ef6fdedb1090ec036abab80d4681424b84c1183",
                "sha256:c70c95198c015b85feafc136515252a261a84561b7b1d51e3384e0655ddf25ab",
                "sha256:cc1c1159b3d456576af7a3e4d1ba7e6924cb39de8f67111c735f6fc832082774",
                "sha256:ce826d6ef20b1bc864f0a68340c8b3287705cae2f8b4b1d932177dcc76721725",
                "sha256:d584d9ec91ad65861cc08d42e834324ef890a082e591037abe114850ff7bbc3e",
                "sha256:d7fded462629cfa4b685c5416b949ebad6cec74af5e2d42905d41e257e0869f5",
                "sha256:d84a1718ee396f54f3a086ea0a66d8e552b2ab2017ef8b420e92edbc841c352d",
                "sha256:d8e03406cac8513435335dbab54c0d385e4a49e4945d2909a581c83647ca0290",
                "sha256:e10ce637b18caea04431ce14fabcf5c64a1c61ec9c56b071a4b7ca131ca52d44",
                "sha256:ec031d5d2feb36d1d1a24380e4db6d43695f3748343d99434e6f5f9156aaa2ed",
                "sha256:ef6107725bd54b262d6dedcc2af448a266975032bc85ef0172c5f059da6325b4",
                "sha256:efdca5630322a10774e8e98e1af481aad470dd62c3170801852d752aa7a783ba",
                "sha256:f753120cb8181e736c57ef7636e83f31b9c0d1722c516f7e86cf15b7aa57ff12",
                "sha256:ff3824dc5261f50c9b0dfb3be22b4567a6f938ccce4587b38952d85fd9e9afe4"
            ],
            "markers": "python_version >= '3.8'",
            "version": "==6.0.2"
        },
        "six": {
            "hashes": [
                "sha256:4721f391ed90541fddacab5acf947aa0d3dc7d27b2e1e8eda2be8970586c3274",
                "sha256:ff70335d468e7eb6ec65b95b99d3a2836546063f63acc5171de367e834932a81"
            ],
            "markers": "python_version >= '2.7' and python_version not in '3.0, 3.1, 3.2'",
            "version": "==1.17.0"
        },
        "types-pyyaml": {
            "hashes": [
                "sha256:8478208feaeb53a34cb5d970c56a7cd76b72659442e733e268a94dc72b2d0530",
                "sha256:9f21a70216fc0fa1b216a8176db5f9e0af6eb35d2f2932acb87689d03a5bf6ba"
            ],
            "markers": "python_version >= '3.9'",
            "version": "==6.0.12.20250516"
        },
        "tzdata": {
            "hashes": [
                "sha256:1a403fada01ff9221ca8044d701868fa132215d84beb92242d9acd2147f667a8",
                "sha256:b60a638fcc0daffadf82fe0f57e53d06bdec2f36c4df66280ae79bce6bd6f2b9"
            ],
            "markers": "python_version >= '2'",
            "version": "==2025.2"
        }
    },
    "develop": {}
}
